
Microsoft Visual Studio Solution File, Format Version 12.00
# Visual Studio Version 16
VisualStudioVersion = 16.0.30907.101
MinimumVisualStudioVersion = 10.0.40219.1
Project("{8BC9CEB8-8B4A-11D0-8D11-00A0C91BC942}") = "Websocket", "Websocket\Websocket.vcxproj", "{5AC2A683-292C-4953-8A5C-E81FB95FE4A0}"
	ProjectSection(ProjectDependencies) = postProject
		{D9715BEB-1FD5-40AC-88AD-21B80526A435} = {D9715BEB-1FD5-40AC-88AD-21B80526A435}
		{BB5054FE-E4E4-42B6-9DD3-C4057E098887} = {BB5054FE-E4E4-42B6-9DD3-C4057E098887}
	EndProjectSection
EndProject
Project("{2150E333-8FDC-42A3-9474-1A3956D46DE8}") = "Solution Items", "Solution Items", "{5C5FEE6A-F435-4760-A822-6C81A466AD77}"
EndProject
Project("{2150E333-8FDC-42A3-9474-1A3956D46DE8}") = "Protocol DLLs", "Protocol DLLs", "{5C78FAE2-6B38-48C2-B40D-B5DDD58A4BA3}"
EndProject
Project("{2150E333-8FDC-42A3-9474-1A3956D46DE8}") = "Executable", "Executable", "{2D0CB736-07E4-4F30-99ED-50C4F36EA954}"
EndProject
Project("{2150E333-8FDC-42A3-9474-1A3956D46DE8}") = "Source", "Source", "{2802A5A6-9F92-48F6-BD6C-E886EDB92997}"
EndProject
Project("{8BC9CEB8-8B4A-11D0-8D11-00A0C91BC942}") = "Source", "Source\Source.vcxproj", "{98227620-4521-4E9B-B839-D0404F4E735D}"
EndProject
Project("{8BC9CEB8-8B4A-11D0-8D11-00A0C91BC942}") = "ftp", "ftp\ftp.vcxproj", "{D9715BEB-1FD5-40AC-88AD-21B80526A435}"
	ProjectSection(ProjectDependencies) = postProject
		{98227620-4521-4E9B-B839-D0404F4E735D} = {98227620-4521-4E9B-B839-D0404F4E735D}
	EndProjectSection
EndProject
Project("{8BC9CEB8-8B4A-11D0-8D11-00A0C91BC942}") = "telnet", "telnet\telnet.vcxproj", "{BB5054FE-E4E4-42B6-9DD3-C4057E098887}"
	ProjectSection(ProjectDependencies) = postProject
		{98227620-4521-4E9B-B839-D0404F4E735D} = {98227620-4521-4E9B-B839-D0404F4E735D}
	EndProjectSection
EndProject
Global
	GlobalSection(SolutionConfigurationPlatforms) = preSolution
		Debug|x64 = Debug|x64
		Debug|x86 = Debug|x86
		Release|x64 = Release|x64
		Release|x86 = Release|x86
	EndGlobalSection
	GlobalSection(ProjectConfigurationPlatforms) = postSolution
		{5AC2A683-292C-4953-8A5C-E81FB95FE4A0}.Debug|x64.ActiveCfg = Debug|x64
		{5AC2A683-292C-4953-8A5C-E81FB95FE4A0}.Debug|x64.Build.0 = Debug|x64
		{5AC2A683-292C-4953-8A5C-E81FB95FE4A0}.Debug|x86.ActiveCfg = Debug|Win32
		{5AC2A683-292C-4953-8A5C-E81FB95FE4A0}.Debug|x86.Build.0 = Debug|Win32
		{5AC2A683-292C-4953-8A5C-E81FB95FE4A0}.Release|x64.ActiveCfg = Release|x64
		{5AC2A683-292C-4953-8A5C-E81FB95FE4A0}.Release|x64.Build.0 = Release|x64
		{5AC2A683-292C-4953-8A5C-E81FB95FE4A0}.Release|x86.ActiveCfg = Release|Win32
		{5AC2A683-292C-4953-8A5C-E81FB95FE4A0}.Release|x86.Build.0 = Release|Win32
		{98227620-4521-4E9B-B839-D0404F4E735D}.Debug|x64.ActiveCfg = Debug|x64
		{98227620-4521-4E9B-B839-D0404F4E735D}.Debug|x64.Build.0 = Debug|x64
		{98227620-4521-4E9B-B839-D0404F4E735D}.Debug|x86.ActiveCfg = Debug|Win32
		{98227620-4521-4E9B-B839-D0404F4E735D}.Debug|x86.Build.0 = Debug|Win32
		{98227620-4521-4E9B-B839-D0404F4E735D}.Release|x64.ActiveCfg = Release|x64
		{98227620-4521-4E9B-B839-D0404F4E735D}.Release|x64.Build.0 = Release|x64
		{98227620-4521-4E9B-B839-D0404F4E735D}.Release|x86.ActiveCfg = Release|Win32
		{98227620-4521-4E9B-B839-D0404F4E735D}.Release|x86.Build.0 = Release|Win32
		{D9715BEB-1FD5-40AC-88AD-21B80526A435}.Debug|x64.ActiveCfg = Debug|x64
		{D9715BEB-1FD5-40AC-88AD-21B80526A435}.Debug|x64.Build.0 = Debug|x64
		{D9715BEB-1FD5-40AC-88AD-21B80526A435}.Debug|x86.ActiveCfg = Debug|Win32
		{D9715BEB-1FD5-40AC-88AD-21B80526A435}.Debug|x86.Build.0 = Debug|Win32
		{D9715BEB-1FD5-40AC-88AD-21B80526A435}.Release|x64.ActiveCfg = Release|x64
		{D9715BEB-1FD5-40AC-88AD-21B80526A435}.Release|x64.Build.0 = Release|x64
		{D9715BEB-1FD5-40AC-88AD-21B80526A435}.Release|x86.ActiveCfg = Release|Win32
		{D9715BEB-1FD5-40AC-88AD-21B80526A435}.Release|x86.Build.0 = Release|Win32
		{BB5054FE-E4E4-42B6-9DD3-C4057E098887}.Debug|x64.ActiveCfg = Debug|x64
		{BB5054FE-E4E4-42B6-9DD3-C4057E098887}.Debug|x64.Build.0 = Debug|x64
		{BB5054FE-E4E4-42B6-9DD3-C4057E098887}.Debug|x86.ActiveCfg = Debug|Win32
		{BB5054FE-E4E4-42B6-9DD3-C4057E098887}.Debug|x86.Build.0 = Debug|Win32
		{BB5054FE-E4E4-42B6-9DD3-C4057E098887}.Release|x64.ActiveCfg = Release|x64
		{BB5054FE-E4E4-42B6-9DD3-C4057E098887}.Release|x64.Build.0 = Release|x64
		{BB5054FE-E4E4-42B6-9DD3-C4057E098887}.Release|x86.ActiveCfg = Release|Win32
		{BB5054FE-E4E4-42B6-9DD3-C4057E098887}.Release|x86.Build.0 = Release|Win32
	EndGlobalSection
	GlobalSection(SolutionProperties) = preSolution
		HideSolutionNode = FALSE
	EndGlobalSection
	GlobalSection(NestedProjects) = preSolution
		{5AC2A683-292C-4953-8A5C-E81FB95FE4A0} = {2D0CB736-07E4-4F30-99ED-50C4F36EA954}
		{5C78FAE2-6B38-48C2-B40D-B5DDD58A4BA3} = {5C5FEE6A-F435-4760-A822-6C81A466AD77}
		{2D0CB736-07E4-4F30-99ED-50C4F36EA954} = {5C5FEE6A-F435-4760-A822-6C81A466AD77}
		{2802A5A6-9F92-48F6-BD6C-E886EDB92997} = {5C5FEE6A-F435-4760-A822-6C81A466AD77}
		{98227620-4521-4E9B-B839-D0404F4E735D} = {2802A5A6-9F92-48F6-BD6C-E886EDB92997}
		{D9715BEB-1FD5-40AC-88AD-21B80526A435} = {5C78FAE2-6B38-48C2-B40D-B5DDD58A4BA3}
		{BB5054FE-E4E4-42B6-9DD3-C4057E098887} = {5C78FAE2-6B38-48C2-B40D-B5DDD58A4BA3}
	EndGlobalSection
	GlobalSection(ExtensibilityGlobals) = postSolution
		SolutionGuid = {79814DE7-D34F-4676-8294-9D39354F88EC}
	EndGlobalSection
EndGlobal
