<?xml version="1.0" encoding="utf-8"?>
<Project ToolsVersion="4.0" xmlns="http://schemas.microsoft.com/developer/msbuild/2003">
  <ItemGroup>
    <Filter Include="Source Files">
      <UniqueIdentifier>{4FC737F1-C7A5-4376-A066-2A32D752A2FF}</UniqueIdentifier>
      <Extensions>cpp;c;cc;cxx;c++;cppm;ixx;def;odl;idl;hpj;bat;asm;asmx</Extensions>
    </Filter>
    <Filter Include="Header Files">
      <UniqueIdentifier>{93995380-89BD-4b04-88EB-625FBE52EBFB}</UniqueIdentifier>
      <Extensions>h;hh;hpp;hxx;h++;hm;inl;inc;ipp;xsd</Extensions>
    </Filter>
    <Filter Include="Resource Files">
      <UniqueIdentifier>{67DA6AB6-F800-4c08-8B7A-83BB121AAD01}</UniqueIdentifier>
      <Extensions>rc;ico;cur;bmp;dlg;rc2;rct;bin;rgs;gif;jpg;jpeg;jpe;resx;tiff;tif;png;wav;mfcribbon-ms</Extensions>
    </Filter>
    <Filter Include="Source Files\socket">
      <UniqueIdentifier>{8beafc25-9ffa-4e7a-bec9-40a057d287ed}</UniqueIdentifier>
    </Filter>
    <Filter Include="Source Files\ftp">
      <UniqueIdentifier>{d8b5e885-a7cc-4e86-880d-ef1d0b05248f}</UniqueIdentifier>
    </Filter>
    <Filter Include="Header Files\ftp">
      <UniqueIdentifier>{9deb3ec3-2389-4875-a737-7205e6d00123}</UniqueIdentifier>
    </Filter>
    <Filter Include="Header Files\socket">
      <UniqueIdentifier>{e16033d4-adda-40b8-8e04-44d44f484783}</UniqueIdentifier>
    </Filter>
    <Filter Include="Header Files\telnet">
      <UniqueIdentifier>{80e0253b-d5bc-48b9-9c82-be0cdb164e9a}</UniqueIdentifier>
    </Filter>
    <Filter Include="Source Files\telnet">
      <UniqueIdentifier>{04a4fc89-a051-40af-b02c-6d6d573dbabe}</UniqueIdentifier>
    </Filter>
  </ItemGroup>
  <ItemGroup>
    <ClCompile Include="FTP\ftp_client.cpp">
      <Filter>Source Files\ftp</Filter>
    </ClCompile>
    <ClCompile Include="FTP\ftp_command.cpp">
      <Filter>Source Files\ftp</Filter>
    </ClCompile>
    <ClCompile Include="socket\socket.cpp">
      <Filter>Source Files\socket</Filter>
    </ClCompile>
    <ClCompile Include="telnet\telnet_client.cpp">
      <Filter>Source Files\telnet</Filter>
    </ClCompile>
    <ClCompile Include="telnet\telnet_auth.cpp">
      <Filter>Source Files</Filter>
    </ClCompile>
  </ItemGroup>
  <ItemGroup>
    <ClInclude Include="FTP\ftp_client.h">
      <Filter>Header Files\ftp</Filter>
    </ClInclude>
    <ClInclude Include="FTP\ftp_command.h">
      <Filter>Header Files\ftp</Filter>
    </ClInclude>
    <ClInclude Include="socket\socket.h">
      <Filter>Header Files\socket</Filter>
    </ClInclude>
    <ClInclude Include="telnet\telnet_client.h">
      <Filter>Header Files\telnet</Filter>
    </ClInclude>
    <ClInclude Include="telnet\telnet_auth.h">
      <Filter>Header Files\telnet</Filter>
    </ClInclude>
    <ClInclude Include="telnet\telnet_command_codes.h">
      <Filter>Header Files\telnet</Filter>
    </ClInclude>
    <ClInclude Include="telnet\telnet_option_codes.h">
      <Filter>Header Files\telnet</Filter>
    </ClInclude>
  </ItemGroup>
</Project>